
Microsoft Visual Studio Solution File, Format Version 12.00
# Visual Studio Version 17
VisualStudioVersion = 17.4.33213.308
MinimumVisualStudioVersion = 10.0.40219.1
Project("{FAE04EC0-301F-11D3-BF4B-00C04F79EFBC}") = "Actie.DAL", "Actie.DAL\Actie.DAL.csproj", "{30E9C712-DFE1-4BCE-BC91-9CC661FA43DD}"
EndProject
Project("{2150E333-8FDC-42A3-9474-1A3956D46DE8}") = "App", "App", "{2D476227-800F-4884-BB01-6FB40830246E}"
EndProject
Project("{2150E333-8FDC-42A3-9474-1A3956D46DE8}") = "Entities", "Entities", "{84DF6271-8F43-47E4-9F15-CDA7C2AFA78A}"
	ProjectSection(SolutionItems) = preProject
		Actie.DAL\Entities\ActivityEntity.cs = Actie.DAL\Entities\ActivityEntity.cs
		Actie.DAL\Entities\IEntity.cs = Actie.DAL\Entities\IEntity.cs
		Actie.DAL\Entities\ProjectEntity.cs = Actie.DAL\Entities\ProjectEntity.cs
		Actie.DAL\Entities\UserEntity.cs = Actie.DAL\Entities\UserEntity.cs
	EndProjectSection
EndProject
Global
	GlobalSection(SolutionConfigurationPlatforms) = preSolution
		Debug|Any CPU = Debug|Any CPU
		Release|Any CPU = Release|Any CPU
	EndGlobalSection
	GlobalSection(ProjectConfigurationPlatforms) = postSolution
		{30E9C712-DFE1-4BCE-BC91-9CC661FA43DD}.Debug|Any CPU.ActiveCfg = Debug|Any CPU
		{30E9C712-DFE1-4BCE-BC91-9CC661FA43DD}.Debug|Any CPU.Build.0 = Debug|Any CPU
		{30E9C712-DFE1-4BCE-BC91-9CC661FA43DD}.Release|Any CPU.ActiveCfg = Release|Any CPU
		{30E9C712-DFE1-4BCE-BC91-9CC661FA43DD}.Release|Any CPU.Build.0 = Release|Any CPU
	EndGlobalSection
	GlobalSection(SolutionProperties) = preSolution
		HideSolutionNode = FALSE
	EndGlobalSection
	GlobalSection(NestedProjects) = preSolution
		{30E9C712-DFE1-4BCE-BC91-9CC661FA43DD} = {2D476227-800F-4884-BB01-6FB40830246E}
		{84DF6271-8F43-47E4-9F15-CDA7C2AFA78A} = {2D476227-800F-4884-BB01-6FB40830246E}
	EndGlobalSection
	GlobalSection(ExtensibilityGlobals) = postSolution
		SolutionGuid = {54EF727A-20D5-4F25-A18D-833C544E9FC0}
	EndGlobalSection
EndGlobal
