
Microsoft Visual Studio Solution File, Format Version 12.00
# Visual Studio Version 17
VisualStudioVersion = 17.4.33213.308
MinimumVisualStudioVersion = 10.0.40219.1
Project("{9A19103F-16F7-4668-BE54-9A1E7A4F7556}") = "Actie.DAL", "Actie.DAL\Actie.DAL.csproj", "{30E9C712-DFE1-4BCE-BC91-9CC661FA43DD}"
EndProject
Project("{2150E333-8FDC-42A3-9474-1A3956D46DE8}") = "App", "App", "{2D476227-800F-4884-BB01-6FB40830246E}"
EndProject
Project("{9A19103F-16F7-4668-BE54-9A1E7A4F7556}") = "Actie.DAL.Tests", "Actie.DAL.Tests\Actie.DAL.Tests.csproj", "{3A1C3AC4-3F2A-4A00-89B9-74AE813E96C6}"
EndProject
Project("{2150E333-8FDC-42A3-9474-1A3956D46DE8}") = "Tests", "Tests", "{C23D3E56-467F-4A42-A140-08F449745895}"
EndProject
Project("{9A19103F-16F7-4668-BE54-9A1E7A4F7556}") = "Actie.Common.Tests", "Actie.Common.Tests\Actie.Common.Tests.csproj", "{0ED63418-262A-483E-BA1C-464CBE26F92C}"
EndProject
Project("{9A19103F-16F7-4668-BE54-9A1E7A4F7556}") = "Actie.BL", "Actie.BL\Actie.BL.csproj", "{41D8E9AE-0541-4FE8-B6F6-71B0B8F723B0}"
EndProject
Project("{9A19103F-16F7-4668-BE54-9A1E7A4F7556}") = "Actie.BL.Tests", "Actie.BL.Tests\Actie.BL.Tests.csproj", "{64D2803B-07AD-490F-97EF-67B42D6029CC}"
EndProject
Project("{9A19103F-16F7-4668-BE54-9A1E7A4F7556}") = "Actie.App", "Actie.App\Actie.App.csproj", "{A6B8C5D1-26B3-4E55-AD64-8C6604DDDF5B}"
	ProjectSection(ProjectDependencies) = postProject
		{41D8E9AE-0541-4FE8-B6F6-71B0B8F723B0} = {41D8E9AE-0541-4FE8-B6F6-71B0B8F723B0}
	EndProjectSection
EndProject
Global
	GlobalSection(SolutionConfigurationPlatforms) = preSolution
		Debug|Any CPU = Debug|Any CPU
		Release|Any CPU = Release|Any CPU
	EndGlobalSection
	GlobalSection(ProjectConfigurationPlatforms) = postSolution
		{30E9C712-DFE1-4BCE-BC91-9CC661FA43DD}.Debug|Any CPU.ActiveCfg = Debug|Any CPU
		{30E9C712-DFE1-4BCE-BC91-9CC661FA43DD}.Debug|Any CPU.Build.0 = Debug|Any CPU
		{30E9C712-DFE1-4BCE-BC91-9CC661FA43DD}.Release|Any CPU.ActiveCfg = Release|Any CPU
		{30E9C712-DFE1-4BCE-BC91-9CC661FA43DD}.Release|Any CPU.Build.0 = Release|Any CPU
		{3A1C3AC4-3F2A-4A00-89B9-74AE813E96C6}.Debug|Any CPU.ActiveCfg = Debug|Any CPU
		{3A1C3AC4-3F2A-4A00-89B9-74AE813E96C6}.Debug|Any CPU.Build.0 = Debug|Any CPU
		{3A1C3AC4-3F2A-4A00-89B9-74AE813E96C6}.Release|Any CPU.ActiveCfg = Release|Any CPU
		{3A1C3AC4-3F2A-4A00-89B9-74AE813E96C6}.Release|Any CPU.Build.0 = Release|Any CPU
		{0ED63418-262A-483E-BA1C-464CBE26F92C}.Debug|Any CPU.ActiveCfg = Debug|Any CPU
		{0ED63418-262A-483E-BA1C-464CBE26F92C}.Debug|Any CPU.Build.0 = Debug|Any CPU
		{0ED63418-262A-483E-BA1C-464CBE26F92C}.Release|Any CPU.ActiveCfg = Release|Any CPU
		{0ED63418-262A-483E-BA1C-464CBE26F92C}.Release|Any CPU.Build.0 = Release|Any CPU
		{41D8E9AE-0541-4FE8-B6F6-71B0B8F723B0}.Debug|Any CPU.ActiveCfg = Debug|Any CPU
		{41D8E9AE-0541-4FE8-B6F6-71B0B8F723B0}.Debug|Any CPU.Build.0 = Debug|Any CPU
		{41D8E9AE-0541-4FE8-B6F6-71B0B8F723B0}.Release|Any CPU.ActiveCfg = Release|Any CPU
		{41D8E9AE-0541-4FE8-B6F6-71B0B8F723B0}.Release|Any CPU.Build.0 = Release|Any CPU
		{64D2803B-07AD-490F-97EF-67B42D6029CC}.Debug|Any CPU.ActiveCfg = Debug|Any CPU
		{64D2803B-07AD-490F-97EF-67B42D6029CC}.Debug|Any CPU.Build.0 = Debug|Any CPU
		{64D2803B-07AD-490F-97EF-67B42D6029CC}.Release|Any CPU.ActiveCfg = Release|Any CPU
		{64D2803B-07AD-490F-97EF-67B42D6029CC}.Release|Any CPU.Build.0 = Release|Any CPU
		{A6B8C5D1-26B3-4E55-AD64-8C6604DDDF5B}.Debug|Any CPU.ActiveCfg = Debug|Any CPU
		{A6B8C5D1-26B3-4E55-AD64-8C6604DDDF5B}.Debug|Any CPU.Build.0 = Debug|Any CPU
		{A6B8C5D1-26B3-4E55-AD64-8C6604DDDF5B}.Debug|Any CPU.Deploy.0 = Debug|Any CPU
		{A6B8C5D1-26B3-4E55-AD64-8C6604DDDF5B}.Release|Any CPU.ActiveCfg = Release|Any CPU
		{A6B8C5D1-26B3-4E55-AD64-8C6604DDDF5B}.Release|Any CPU.Build.0 = Release|Any CPU
		{A6B8C5D1-26B3-4E55-AD64-8C6604DDDF5B}.Release|Any CPU.Deploy.0 = Release|Any CPU
	EndGlobalSection
	GlobalSection(SolutionProperties) = preSolution
		HideSolutionNode = FALSE
	EndGlobalSection
	GlobalSection(NestedProjects) = preSolution
		{30E9C712-DFE1-4BCE-BC91-9CC661FA43DD} = {2D476227-800F-4884-BB01-6FB40830246E}
		{3A1C3AC4-3F2A-4A00-89B9-74AE813E96C6} = {C23D3E56-467F-4A42-A140-08F449745895}
		{0ED63418-262A-483E-BA1C-464CBE26F92C} = {C23D3E56-467F-4A42-A140-08F449745895}
		{41D8E9AE-0541-4FE8-B6F6-71B0B8F723B0} = {2D476227-800F-4884-BB01-6FB40830246E}
		{64D2803B-07AD-490F-97EF-67B42D6029CC} = {C23D3E56-467F-4A42-A140-08F449745895}
		{A6B8C5D1-26B3-4E55-AD64-8C6604DDDF5B} = {2D476227-800F-4884-BB01-6FB40830246E}
	EndGlobalSection
	GlobalSection(ExtensibilityGlobals) = postSolution
		SolutionGuid = {54EF727A-20D5-4F25-A18D-833C544E9FC0}
	EndGlobalSection
EndGlobal
